
Microsoft Visual Studio Solution File, Format Version 12.00
# Visual Studio Version 17
VisualStudioVersion = 17.7.34003.232
MinimumVisualStudioVersion = 10.0.40219.1
Project("{FAE04EC0-301F-11D3-BF4B-00C04F79EFBC}") = "SpoonTracker", "SpoonTracker\SpoonTracker.csproj", "{24A942A6-058B-4CC4-AD98-BFB5492120F2}"
EndProject
Project("{2150E333-8FDC-42A3-9474-1A3956D46DE8}") = "Lib", "Lib", "{7186CAA7-01BD-4870-A9A2-C0504535C7E3}"
EndProject
Project("{9A19103F-16F7-4668-BE54-9A1E7A4F7556}") = "XivToolsWpf", "Lib\XivToolsWpf\XivToolsWpf.csproj", "{6B80B721-D00B-438F-80B8-DD1F2DFDF315}"
EndProject
Global
	GlobalSection(SolutionConfigurationPlatforms) = preSolution
		Debug|Any CPU = Debug|Any CPU
		Release|Any CPU = Release|Any CPU
	EndGlobalSection
	GlobalSection(ProjectConfigurationPlatforms) = postSolution
		{24A942A6-058B-4CC4-AD98-BFB5492120F2}.Debug|Any CPU.ActiveCfg = Debug|Any CPU
		{24A942A6-058B-4CC4-AD98-BFB5492120F2}.Debug|Any CPU.Build.0 = Debug|Any CPU
		{24A942A6-058B-4CC4-AD98-BFB5492120F2}.Release|Any CPU.ActiveCfg = Release|Any CPU
		{24A942A6-058B-4CC4-AD98-BFB5492120F2}.Release|Any CPU.Build.0 = Release|Any CPU
		{6B80B721-D00B-438F-80B8-DD1F2DFDF315}.Debug|Any CPU.ActiveCfg = Debug|Any CPU
		{6B80B721-D00B-438F-80B8-DD1F2DFDF315}.Debug|Any CPU.Build.0 = Debug|Any CPU
		{6B80B721-D00B-438F-80B8-DD1F2DFDF315}.Release|Any CPU.ActiveCfg = Release|Any CPU
		{6B80B721-D00B-438F-80B8-DD1F2DFDF315}.Release|Any CPU.Build.0 = Release|Any CPU
	EndGlobalSection
	GlobalSection(SolutionProperties) = preSolution
		HideSolutionNode = FALSE
	EndGlobalSection
	GlobalSection(NestedProjects) = preSolution
		{6B80B721-D00B-438F-80B8-DD1F2DFDF315} = {7186CAA7-01BD-4870-A9A2-C0504535C7E3}
	EndGlobalSection
	GlobalSection(ExtensibilityGlobals) = postSolution
		SolutionGuid = {8F048AA0-49E0-4CF1-A18C-B029E8157A9C}
	EndGlobalSection
EndGlobal
